<?xml version="1.0" encoding="utf-8"?>
<OpenIOC xmlns:xsd="http://www.w3.org/2001/XMLSchema" xmlns:xsi="http://www.w3.org/2001/XMLSchema-instance" id="7382c170-7e66-4d72-808e-5f703f39a38d" last-modified="2014-08-08T10:14:24Z" published-date="0001-01-01T00:00:00" xmlns="http://openioc.org/schemas/OpenIOC_1.1">
  <metadata>
    <short_description>suspicious paths</short_description>
    <description>based on Iron man method: http://journeyintoir.blogspot.jp/2013/07/finding-malware-like-iron-man-slide.html</description>
    <authored_date>2014-07-21T14:11:00Z</authored_date>
    <links />
  </metadata>
  <criteria>
    <Indicator operator="OR" id="2f8f9381-1c10-4962-9bff-4c748249a0fd">
      <Indicator operator="OR" id="362f84b0-2d42-4edb-bbe0-931c0c3369fb">
        <IndicatorItem id="2bb4416e-f0c1-468b-a68e-3339b9d828e5" condition="contains" preserve-case="false" negate="false">
          <Context document="ProcessItem" search="ProcessItem/path" type="mir" />
          <Content type="string">\ProgramData</Content>
        </IndicatorItem>
        <IndicatorItem id="f891d621-beed-4667-bac5-c02d7d5ab3f0" condition="contains" preserve-case="false" negate="false">
          <Context document="ProcessItem" search="ProcessItem/path" type="mir" />
          <Content type="string">\$Recycle.Bin</Content>
        </IndicatorItem>
        <IndicatorItem id="43d36e47-cb1b-49ac-8516-6cca256bf86d" condition="contains" preserve-case="false" negate="false">
          <Context document="ProcessItem" search="ProcessItem/path" type="mir" />
          <Content type="string">\Windows\Temp</Content>
        </IndicatorItem>
        <IndicatorItem id="1934d332-53d4-4e6f-83cc-e1e90ebcefd8" condition="contains" preserve-case="false" negate="false">
          <Context document="ProcessItem" search="ProcessItem/path" type="mir" />
          <Content type="string">\Users\All Users</Content>
        </IndicatorItem>
        <IndicatorItem id="c8a186d5-bbab-45df-bc94-7676dbcfbdc1" condition="contains" preserve-case="false" negate="false">
          <Context document="ProcessItem" search="ProcessItem/path" type="mir" />
          <Content type="string">\Users\Default</Content>
        </IndicatorItem>
        <IndicatorItem id="028d8ee5-f356-4982-8d62-e82198aca925" condition="contains" preserve-case="false" negate="false">
          <Context document="ProcessItem" search="ProcessItem/path" type="mir" />
          <Content type="string">\Users\Public</Content>
        </IndicatorItem>
        <IndicatorItem id="76d1903f-eef6-47d5-9449-4d9f674d83f2" condition="matches" preserve-case="false" negate="false">
          <Context document="ProcessItem" search="ProcessItem/path" type="mir" />
          <Content type="string">\\Users\\.*\\AppData</Content>
        </IndicatorItem>
      </Indicator>
      <Indicator operator="OR" id="5ca8a1ef-c758-48d1-827f-f4aa52a5e9ca">
        <IndicatorItem id="a32577eb-3430-4bdb-9236-e36effbfd477" condition="contains" preserve-case="false" negate="false">
          <Context document="ProcessItem" search="ProcessItem/DllPath" type="volatility" />
          <Content type="string">\ProgramData</Content>
        </IndicatorItem>
        <IndicatorItem id="72976fb9-35bc-43f1-851a-bfddcab262ec" condition="contains" preserve-case="false" negate="false">
          <Context document="ProcessItem" search="ProcessItem/DllPath" type="volatility" />
          <Content type="string">\$Recycle.Bin</Content>
        </IndicatorItem>
        <IndicatorItem id="5235734c-0636-490f-8e16-4220f7bb6bfc" condition="contains" preserve-case="false" negate="false">
          <Context document="ProcessItem" search="ProcessItem/DllPath" type="volatility" />
          <Content type="string">\Windows\Temp</Content>
        </IndicatorItem>
        <IndicatorItem id="59162e67-23e5-41c1-94f5-b9ada778b2a6" condition="contains" preserve-case="false" negate="false">
          <Context document="ProcessItem" search="ProcessItem/DllPath" type="volatility" />
          <Content type="string">\Users\All Users</Content>
        </IndicatorItem>
        <IndicatorItem id="5980c71a-5f08-4418-bcfa-3845c6bde17e" condition="contains" preserve-case="false" negate="false">
          <Context document="ProcessItem" search="ProcessItem/DllPath" type="volatility" />
          <Content type="string">\Users\Default</Content>
        </IndicatorItem>
        <IndicatorItem id="9bd69361-a7a2-46d4-9178-577cdb2635ed" condition="contains" preserve-case="false" negate="false">
          <Context document="ProcessItem" search="ProcessItem/DllPath" type="volatility" />
          <Content type="string">\Users\Public</Content>
        </IndicatorItem>
        <IndicatorItem id="89b09430-aebd-401c-a34c-71b18ac168fc" condition="matches" preserve-case="false" negate="false">
          <Context document="ProcessItem" search="ProcessItem/DllPath" type="volatility" />
          <Content type="string">\\Users\\.*\\AppData</Content>
        </IndicatorItem>
        <IndicatorItem id="13a850ec-b4b4-42ba-bc30-65a443a12308" condition="is" preserve-case="false" negate="false">
          <Context document="ProcessItem" search="ProcessItem/DllPath" type="volatility" />
          <Content type="string">none</Content>
        </IndicatorItem>
      </Indicator>
    </Indicator>
  </criteria>
  <parameters />
</OpenIOC>